
Microsoft Visual Studio Solution File, Format Version 12.00
# Visual Studio Version 17
VisualStudioVersion = 17.7.34031.279
MinimumVisualStudioVersion = 10.0.40219.1
Project("{8BC9CEB8-8B4A-11D0-8D11-00A0C91BC942}") = "Course-7-Algorithms", "Course-7-Algorithms\Course-7-Algorithms.vcxproj", "{715F19B7-003A-4567-B196-16C4185E991A}"
EndProject
Project("{8BC9CEB8-8B4A-11D0-8D11-00A0C91BC942}") = "1", "1\1.vcxproj", "{2AB700C9-BF26-46BF-A23A-57CC2EEC0A04}"
EndProject
Project("{8BC9CEB8-8B4A-11D0-8D11-00A0C91BC942}") = "2", "2\2.vcxproj", "{F2E3FD3F-1AF6-4B3E-AA00-4F18B3CF60D8}"
EndProject
Project("{8BC9CEB8-8B4A-11D0-8D11-00A0C91BC942}") = "3", "3\3.vcxproj", "{2231E8F0-809F-4CD2-A035-62838786C9D5}"
EndProject
Project("{8BC9CEB8-8B4A-11D0-8D11-00A0C91BC942}") = "4", "4\4.vcxproj", "{069F1932-F99C-41CB-A052-DE290983C77A}"
EndProject
Project("{8BC9CEB8-8B4A-11D0-8D11-00A0C91BC942}") = "5", "5\5.vcxproj", "{7127E4F6-A95C-49F0-A956-9801D951E3DE}"
EndProject
Project("{8BC9CEB8-8B4A-11D0-8D11-00A0C91BC942}") = "6", "6\6.vcxproj", "{0B7176F3-A035-44D8-AB25-C304858E3DBD}"
EndProject
Project("{8BC9CEB8-8B4A-11D0-8D11-00A0C91BC942}") = "7", "7\7.vcxproj", "{17E85403-0FF7-4DD9-83FF-107E7FEE5D79}"
EndProject
Project("{8BC9CEB8-8B4A-11D0-8D11-00A0C91BC942}") = "8", "8\8.vcxproj", "{2673D9ED-AA4F-4E81-926E-B47E19423A64}"
EndProject
Project("{8BC9CEB8-8B4A-11D0-8D11-00A0C91BC942}") = "9", "9\9.vcxproj", "{288D628A-DF17-4DAA-BCFE-5C2A462A2FAD}"
EndProject
Project("{8BC9CEB8-8B4A-11D0-8D11-00A0C91BC942}") = "10", "10\10.vcxproj", "{37AE993E-2EF3-495F-A687-40BE21423760}"
EndProject
Project("{8BC9CEB8-8B4A-11D0-8D11-00A0C91BC942}") = "11", "11\11.vcxproj", "{7F7504BD-059E-437C-806B-2D0E19844C1E}"
EndProject
Project("{8BC9CEB8-8B4A-11D0-8D11-00A0C91BC942}") = "12", "12\12.vcxproj", "{4E88EFE1-93CD-4306-A080-0228460948A1}"
EndProject
Project("{8BC9CEB8-8B4A-11D0-8D11-00A0C91BC942}") = "13", "13\13.vcxproj", "{420E9E58-F9A2-4B23-B1C6-74DA705B3815}"
EndProject
Project("{8BC9CEB8-8B4A-11D0-8D11-00A0C91BC942}") = "14", "14\14.vcxproj", "{4E3A7356-5B36-43AC-8D6C-929955F22FC0}"
EndProject
Project("{8BC9CEB8-8B4A-11D0-8D11-00A0C91BC942}") = "15", "15\15.vcxproj", "{08FC3EEE-58A8-45AB-9981-B2AC881B1007}"
EndProject
Project("{8BC9CEB8-8B4A-11D0-8D11-00A0C91BC942}") = "16", "16\16.vcxproj", "{5B3E9488-1C72-471C-B039-7F63AF328526}"
EndProject
Project("{8BC9CEB8-8B4A-11D0-8D11-00A0C91BC942}") = "17", "17\17.vcxproj", "{F3990567-BEFB-4246-B436-BD01132476C3}"
EndProject
Project("{8BC9CEB8-8B4A-11D0-8D11-00A0C91BC942}") = "18", "18\18.vcxproj", "{BC2DF4A5-553D-4485-8492-AD69DBA2A1E7}"
EndProject
Project("{8BC9CEB8-8B4A-11D0-8D11-00A0C91BC942}") = "19", "19\19.vcxproj", "{4484F182-E856-46AE-BBD1-67A79A2173E0}"
EndProject
Project("{8BC9CEB8-8B4A-11D0-8D11-00A0C91BC942}") = "20", "20\20.vcxproj", "{C568E06E-84C9-4756-9143-B158E296FF6D}"
EndProject
Project("{8BC9CEB8-8B4A-11D0-8D11-00A0C91BC942}") = "21", "21\21.vcxproj", "{721D7351-A5DA-4045-80CE-BF61C312C4A3}"
EndProject
Project("{8BC9CEB8-8B4A-11D0-8D11-00A0C91BC942}") = "22", "22\22.vcxproj", "{649B566F-EB95-4996-8E2D-003686DD4396}"
EndProject
Project("{8BC9CEB8-8B4A-11D0-8D11-00A0C91BC942}") = "23", "23\23.vcxproj", "{F50EBA61-9AA8-427E-A3A7-5DCA58BA5EC4}"
EndProject
Project("{8BC9CEB8-8B4A-11D0-8D11-00A0C91BC942}") = "24", "24\24.vcxproj", "{94B6BF2F-D43E-4F3C-A831-3174D7457F9F}"
EndProject
Project("{8BC9CEB8-8B4A-11D0-8D11-00A0C91BC942}") = "25", "25\25.vcxproj", "{8ADC86AC-D97C-4E0F-8D77-D292E377E2FE}"
EndProject
Project("{8BC9CEB8-8B4A-11D0-8D11-00A0C91BC942}") = "26", "26\26.vcxproj", "{FACF7F60-D9D7-4B41-8F8A-296854C3C7DB}"
EndProject
Project("{8BC9CEB8-8B4A-11D0-8D11-00A0C91BC942}") = "27", "27\27.vcxproj", "{66400B68-708D-4378-B272-CEA18C182A4B}"
EndProject
Project("{8BC9CEB8-8B4A-11D0-8D11-00A0C91BC942}") = "28", "28\28.vcxproj", "{4E26197A-31D5-4317-B7A1-307E9E747D81}"
EndProject
Project("{8BC9CEB8-8B4A-11D0-8D11-00A0C91BC942}") = "29", "29\29.vcxproj", "{9CB4DEC6-B28F-465C-BA4B-F844EB1871FB}"
EndProject
Project("{8BC9CEB8-8B4A-11D0-8D11-00A0C91BC942}") = "30", "30\30.vcxproj", "{2EA49AD1-D64A-4D88-B234-7ABC67ED23EF}"
EndProject
Project("{8BC9CEB8-8B4A-11D0-8D11-00A0C91BC942}") = "31", "31\31.vcxproj", "{6DC515C6-DE43-44A9-B75B-AAB378C895E6}"
EndProject
Project("{8BC9CEB8-8B4A-11D0-8D11-00A0C91BC942}") = "32", "32\32.vcxproj", "{F93CEE34-094C-4B85-B2CB-75B452639CA2}"
EndProject
Project("{8BC9CEB8-8B4A-11D0-8D11-00A0C91BC942}") = "33", "33\33.vcxproj", "{45318C96-3281-4729-A74D-0DDF18C99D13}"
EndProject
Project("{8BC9CEB8-8B4A-11D0-8D11-00A0C91BC942}") = "34", "34\34.vcxproj", "{52AD2DCC-CEBE-46B9-B703-40118B224ED5}"
EndProject
Global
	GlobalSection(SolutionConfigurationPlatforms) = preSolution
		Debug|x64 = Debug|x64
		Debug|x86 = Debug|x86
		Release|x64 = Release|x64
		Release|x86 = Release|x86
	EndGlobalSection
	GlobalSection(ProjectConfigurationPlatforms) = postSolution
		{715F19B7-003A-4567-B196-16C4185E991A}.Debug|x64.ActiveCfg = Debug|x64
		{715F19B7-003A-4567-B196-16C4185E991A}.Debug|x64.Build.0 = Debug|x64
		{715F19B7-003A-4567-B196-16C4185E991A}.Debug|x86.ActiveCfg = Debug|Win32
		{715F19B7-003A-4567-B196-16C4185E991A}.Debug|x86.Build.0 = Debug|Win32
		{715F19B7-003A-4567-B196-16C4185E991A}.Release|x64.ActiveCfg = Release|x64
		{715F19B7-003A-4567-B196-16C4185E991A}.Release|x64.Build.0 = Release|x64
		{715F19B7-003A-4567-B196-16C4185E991A}.Release|x86.ActiveCfg = Release|Win32
		{715F19B7-003A-4567-B196-16C4185E991A}.Release|x86.Build.0 = Release|Win32
		{2AB700C9-BF26-46BF-A23A-57CC2EEC0A04}.Debug|x64.ActiveCfg = Debug|x64
		{2AB700C9-BF26-46BF-A23A-57CC2EEC0A04}.Debug|x64.Build.0 = Debug|x64
		{2AB700C9-BF26-46BF-A23A-57CC2EEC0A04}.Debug|x86.ActiveCfg = Debug|Win32
		{2AB700C9-BF26-46BF-A23A-57CC2EEC0A04}.Debug|x86.Build.0 = Debug|Win32
		{2AB700C9-BF26-46BF-A23A-57CC2EEC0A04}.Release|x64.ActiveCfg = Release|x64
		{2AB700C9-BF26-46BF-A23A-57CC2EEC0A04}.Release|x64.Build.0 = Release|x64
		{2AB700C9-BF26-46BF-A23A-57CC2EEC0A04}.Release|x86.ActiveCfg = Release|Win32
		{2AB700C9-BF26-46BF-A23A-57CC2EEC0A04}.Release|x86.Build.0 = Release|Win32
		{F2E3FD3F-1AF6-4B3E-AA00-4F18B3CF60D8}.Debug|x64.ActiveCfg = Debug|x64
		{F2E3FD3F-1AF6-4B3E-AA00-4F18B3CF60D8}.Debug|x64.Build.0 = Debug|x64
		{F2E3FD3F-1AF6-4B3E-AA00-4F18B3CF60D8}.Debug|x86.ActiveCfg = Debug|Win32
		{F2E3FD3F-1AF6-4B3E-AA00-4F18B3CF60D8}.Debug|x86.Build.0 = Debug|Win32
		{F2E3FD3F-1AF6-4B3E-AA00-4F18B3CF60D8}.Release|x64.ActiveCfg = Release|x64
		{F2E3FD3F-1AF6-4B3E-AA00-4F18B3CF60D8}.Release|x64.Build.0 = Release|x64
		{F2E3FD3F-1AF6-4B3E-AA00-4F18B3CF60D8}.Release|x86.ActiveCfg = Release|Win32
		{F2E3FD3F-1AF6-4B3E-AA00-4F18B3CF60D8}.Release|x86.Build.0 = Release|Win32
		{2231E8F0-809F-4CD2-A035-62838786C9D5}.Debug|x64.ActiveCfg = Debug|x64
		{2231E8F0-809F-4CD2-A035-62838786C9D5}.Debug|x64.Build.0 = Debug|x64
		{2231E8F0-809F-4CD2-A035-62838786C9D5}.Debug|x86.ActiveCfg = Debug|Win32
		{2231E8F0-809F-4CD2-A035-62838786C9D5}.Debug|x86.Build.0 = Debug|Win32
		{2231E8F0-809F-4CD2-A035-62838786C9D5}.Release|x64.ActiveCfg = Release|x64
		{2231E8F0-809F-4CD2-A035-62838786C9D5}.Release|x64.Build.0 = Release|x64
		{2231E8F0-809F-4CD2-A035-62838786C9D5}.Release|x86.ActiveCfg = Release|Win32
		{2231E8F0-809F-4CD2-A035-62838786C9D5}.Release|x86.Build.0 = Release|Win32
		{069F1932-F99C-41CB-A052-DE290983C77A}.Debug|x64.ActiveCfg = Debug|x64
		{069F1932-F99C-41CB-A052-DE290983C77A}.Debug|x64.Build.0 = Debug|x64
		{069F1932-F99C-41CB-A052-DE290983C77A}.Debug|x86.ActiveCfg = Debug|Win32
		{069F1932-F99C-41CB-A052-DE290983C77A}.Debug|x86.Build.0 = Debug|Win32
		{069F1932-F99C-41CB-A052-DE290983C77A}.Release|x64.ActiveCfg = Release|x64
		{069F1932-F99C-41CB-A052-DE290983C77A}.Release|x64.Build.0 = Release|x64
		{069F1932-F99C-41CB-A052-DE290983C77A}.Release|x86.ActiveCfg = Release|Win32
		{069F1932-F99C-41CB-A052-DE290983C77A}.Release|x86.Build.0 = Release|Win32
		{7127E4F6-A95C-49F0-A956-9801D951E3DE}.Debug|x64.ActiveCfg = Debug|x64
		{7127E4F6-A95C-49F0-A956-9801D951E3DE}.Debug|x64.Build.0 = Debug|x64
		{7127E4F6-A95C-49F0-A956-9801D951E3DE}.Debug|x86.ActiveCfg = Debug|Win32
		{7127E4F6-A95C-49F0-A956-9801D951E3DE}.Debug|x86.Build.0 = Debug|Win32
		{7127E4F6-A95C-49F0-A956-9801D951E3DE}.Release|x64.ActiveCfg = Release|x64
		{7127E4F6-A95C-49F0-A956-9801D951E3DE}.Release|x64.Build.0 = Release|x64
		{7127E4F6-A95C-49F0-A956-9801D951E3DE}.Release|x86.ActiveCfg = Release|Win32
		{7127E4F6-A95C-49F0-A956-9801D951E3DE}.Release|x86.Build.0 = Release|Win32
		{0B7176F3-A035-44D8-AB25-C304858E3DBD}.Debug|x64.ActiveCfg = Debug|x64
		{0B7176F3-A035-44D8-AB25-C304858E3DBD}.Debug|x64.Build.0 = Debug|x64
		{0B7176F3-A035-44D8-AB25-C304858E3DBD}.Debug|x86.ActiveCfg = Debug|Win32
		{0B7176F3-A035-44D8-AB25-C304858E3DBD}.Debug|x86.Build.0 = Debug|Win32
		{0B7176F3-A035-44D8-AB25-C304858E3DBD}.Release|x64.ActiveCfg = Release|x64
		{0B7176F3-A035-44D8-AB25-C304858E3DBD}.Release|x64.Build.0 = Release|x64
		{0B7176F3-A035-44D8-AB25-C304858E3DBD}.Release|x86.ActiveCfg = Release|Win32
		{0B7176F3-A035-44D8-AB25-C304858E3DBD}.Release|x86.Build.0 = Release|Win32
		{17E85403-0FF7-4DD9-83FF-107E7FEE5D79}.Debug|x64.ActiveCfg = Debug|x64
		{17E85403-0FF7-4DD9-83FF-107E7FEE5D79}.Debug|x64.Build.0 = Debug|x64
		{17E85403-0FF7-4DD9-83FF-107E7FEE5D79}.Debug|x86.ActiveCfg = Debug|Win32
		{17E85403-0FF7-4DD9-83FF-107E7FEE5D79}.Debug|x86.Build.0 = Debug|Win32
		{17E85403-0FF7-4DD9-83FF-107E7FEE5D79}.Release|x64.ActiveCfg = Release|x64
		{17E85403-0FF7-4DD9-83FF-107E7FEE5D79}.Release|x64.Build.0 = Release|x64
		{17E85403-0FF7-4DD9-83FF-107E7FEE5D79}.Release|x86.ActiveCfg = Release|Win32
		{17E85403-0FF7-4DD9-83FF-107E7FEE5D79}.Release|x86.Build.0 = Release|Win32
		{2673D9ED-AA4F-4E81-926E-B47E19423A64}.Debug|x64.ActiveCfg = Debug|x64
		{2673D9ED-AA4F-4E81-926E-B47E19423A64}.Debug|x64.Build.0 = Debug|x64
		{2673D9ED-AA4F-4E81-926E-B47E19423A64}.Debug|x86.ActiveCfg = Debug|Win32
		{2673D9ED-AA4F-4E81-926E-B47E19423A64}.Debug|x86.Build.0 = Debug|Win32
		{2673D9ED-AA4F-4E81-926E-B47E19423A64}.Release|x64.ActiveCfg = Release|x64
		{2673D9ED-AA4F-4E81-926E-B47E19423A64}.Release|x64.Build.0 = Release|x64
		{2673D9ED-AA4F-4E81-926E-B47E19423A64}.Release|x86.ActiveCfg = Release|Win32
		{2673D9ED-AA4F-4E81-926E-B47E19423A64}.Release|x86.Build.0 = Release|Win32
		{288D628A-DF17-4DAA-BCFE-5C2A462A2FAD}.Debug|x64.ActiveCfg = Debug|x64
		{288D628A-DF17-4DAA-BCFE-5C2A462A2FAD}.Debug|x64.Build.0 = Debug|x64
		{288D628A-DF17-4DAA-BCFE-5C2A462A2FAD}.Debug|x86.ActiveCfg = Debug|Win32
		{288D628A-DF17-4DAA-BCFE-5C2A462A2FAD}.Debug|x86.Build.0 = Debug|Win32
		{288D628A-DF17-4DAA-BCFE-5C2A462A2FAD}.Release|x64.ActiveCfg = Release|x64
		{288D628A-DF17-4DAA-BCFE-5C2A462A2FAD}.Release|x64.Build.0 = Release|x64
		{288D628A-DF17-4DAA-BCFE-5C2A462A2FAD}.Release|x86.ActiveCfg = Release|Win32
		{288D628A-DF17-4DAA-BCFE-5C2A462A2FAD}.Release|x86.Build.0 = Release|Win32
		{37AE993E-2EF3-495F-A687-40BE21423760}.Debug|x64.ActiveCfg = Debug|x64
		{37AE993E-2EF3-495F-A687-40BE21423760}.Debug|x64.Build.0 = Debug|x64
		{37AE993E-2EF3-495F-A687-40BE21423760}.Debug|x86.ActiveCfg = Debug|Win32
		{37AE993E-2EF3-495F-A687-40BE21423760}.Debug|x86.Build.0 = Debug|Win32
		{37AE993E-2EF3-495F-A687-40BE21423760}.Release|x64.ActiveCfg = Release|x64
		{37AE993E-2EF3-495F-A687-40BE21423760}.Release|x64.Build.0 = Release|x64
		{37AE993E-2EF3-495F-A687-40BE21423760}.Release|x86.ActiveCfg = Release|Win32
		{37AE993E-2EF3-495F-A687-40BE21423760}.Release|x86.Build.0 = Release|Win32
		{7F7504BD-059E-437C-806B-2D0E19844C1E}.Debug|x64.ActiveCfg = Debug|x64
		{7F7504BD-059E-437C-806B-2D0E19844C1E}.Debug|x64.Build.0 = Debug|x64
		{7F7504BD-059E-437C-806B-2D0E19844C1E}.Debug|x86.ActiveCfg = Debug|Win32
		{7F7504BD-059E-437C-806B-2D0E19844C1E}.Debug|x86.Build.0 = Debug|Win32
		{7F7504BD-059E-437C-806B-2D0E19844C1E}.Release|x64.ActiveCfg = Release|x64
		{7F7504BD-059E-437C-806B-2D0E19844C1E}.Release|x64.Build.0 = Release|x64
		{7F7504BD-059E-437C-806B-2D0E19844C1E}.Release|x86.ActiveCfg = Release|Win32
		{7F7504BD-059E-437C-806B-2D0E19844C1E}.Release|x86.Build.0 = Release|Win32
		{4E88EFE1-93CD-4306-A080-0228460948A1}.Debug|x64.ActiveCfg = Debug|x64
		{4E88EFE1-93CD-4306-A080-0228460948A1}.Debug|x64.Build.0 = Debug|x64
		{4E88EFE1-93CD-4306-A080-0228460948A1}.Debug|x86.ActiveCfg = Debug|Win32
		{4E88EFE1-93CD-4306-A080-0228460948A1}.Debug|x86.Build.0 = Debug|Win32
		{4E88EFE1-93CD-4306-A080-0228460948A1}.Release|x64.ActiveCfg = Release|x64
		{4E88EFE1-93CD-4306-A080-0228460948A1}.Release|x64.Build.0 = Release|x64
		{4E88EFE1-93CD-4306-A080-0228460948A1}.Release|x86.ActiveCfg = Release|Win32
		{4E88EFE1-93CD-4306-A080-0228460948A1}.Release|x86.Build.0 = Release|Win32
		{420E9E58-F9A2-4B23-B1C6-74DA705B3815}.Debug|x64.ActiveCfg = Debug|x64
		{420E9E58-F9A2-4B23-B1C6-74DA705B3815}.Debug|x64.Build.0 = Debug|x64
		{420E9E58-F9A2-4B23-B1C6-74DA705B3815}.Debug|x86.ActiveCfg = Debug|Win32
		{420E9E58-F9A2-4B23-B1C6-74DA705B3815}.Debug|x86.Build.0 = Debug|Win32
		{420E9E58-F9A2-4B23-B1C6-74DA705B3815}.Release|x64.ActiveCfg = Release|x64
		{420E9E58-F9A2-4B23-B1C6-74DA705B3815}.Release|x64.Build.0 = Release|x64
		{420E9E58-F9A2-4B23-B1C6-74DA705B3815}.Release|x86.ActiveCfg = Release|Win32
		{420E9E58-F9A2-4B23-B1C6-74DA705B3815}.Release|x86.Build.0 = Release|Win32
		{4E3A7356-5B36-43AC-8D6C-929955F22FC0}.Debug|x64.ActiveCfg = Debug|x64
		{4E3A7356-5B36-43AC-8D6C-929955F22FC0}.Debug|x64.Build.0 = Debug|x64
		{4E3A7356-5B36-43AC-8D6C-929955F22FC0}.Debug|x86.ActiveCfg = Debug|Win32
		{4E3A7356-5B36-43AC-8D6C-929955F22FC0}.Debug|x86.Build.0 = Debug|Win32
		{4E3A7356-5B36-43AC-8D6C-929955F22FC0}.Release|x64.ActiveCfg = Release|x64
		{4E3A7356-5B36-43AC-8D6C-929955F22FC0}.Release|x64.Build.0 = Release|x64
		{4E3A7356-5B36-43AC-8D6C-929955F22FC0}.Release|x86.ActiveCfg = Release|Win32
		{4E3A7356-5B36-43AC-8D6C-929955F22FC0}.Release|x86.Build.0 = Release|Win32
		{08FC3EEE-58A8-45AB-9981-B2AC881B1007}.Debug|x64.ActiveCfg = Debug|x64
		{08FC3EEE-58A8-45AB-9981-B2AC881B1007}.Debug|x64.Build.0 = Debug|x64
		{08FC3EEE-58A8-45AB-9981-B2AC881B1007}.Debug|x86.ActiveCfg = Debug|Win32
		{08FC3EEE-58A8-45AB-9981-B2AC881B1007}.Debug|x86.Build.0 = Debug|Win32
		{08FC3EEE-58A8-45AB-9981-B2AC881B1007}.Release|x64.ActiveCfg = Release|x64
		{08FC3EEE-58A8-45AB-9981-B2AC881B1007}.Release|x64.Build.0 = Release|x64
		{08FC3EEE-58A8-45AB-9981-B2AC881B1007}.Release|x86.ActiveCfg = Release|Win32
		{08FC3EEE-58A8-45AB-9981-B2AC881B1007}.Release|x86.Build.0 = Release|Win32
		{5B3E9488-1C72-471C-B039-7F63AF328526}.Debug|x64.ActiveCfg = Debug|x64
		{5B3E9488-1C72-471C-B039-7F63AF328526}.Debug|x64.Build.0 = Debug|x64
		{5B3E9488-1C72-471C-B039-7F63AF328526}.Debug|x86.ActiveCfg = Debug|Win32
		{5B3E9488-1C72-471C-B039-7F63AF328526}.Debug|x86.Build.0 = Debug|Win32
		{5B3E9488-1C72-471C-B039-7F63AF328526}.Release|x64.ActiveCfg = Release|x64
		{5B3E9488-1C72-471C-B039-7F63AF328526}.Release|x64.Build.0 = Release|x64
		{5B3E9488-1C72-471C-B039-7F63AF328526}.Release|x86.ActiveCfg = Release|Win32
		{5B3E9488-1C72-471C-B039-7F63AF328526}.Release|x86.Build.0 = Release|Win32
		{F3990567-BEFB-4246-B436-BD01132476C3}.Debug|x64.ActiveCfg = Debug|x64
		{F3990567-BEFB-4246-B436-BD01132476C3}.Debug|x64.Build.0 = Debug|x64
		{F3990567-BEFB-4246-B436-BD01132476C3}.Debug|x86.ActiveCfg = Debug|Win32
		{F3990567-BEFB-4246-B436-BD01132476C3}.Debug|x86.Build.0 = Debug|Win32
		{F3990567-BEFB-4246-B436-BD01132476C3}.Release|x64.ActiveCfg = Release|x64
		{F3990567-BEFB-4246-B436-BD01132476C3}.Release|x64.Build.0 = Release|x64
		{F3990567-BEFB-4246-B436-BD01132476C3}.Release|x86.ActiveCfg = Release|Win32
		{F3990567-BEFB-4246-B436-BD01132476C3}.Release|x86.Build.0 = Release|Win32
		{BC2DF4A5-553D-4485-8492-AD69DBA2A1E7}.Debug|x64.ActiveCfg = Debug|x64
		{BC2DF4A5-553D-4485-8492-AD69DBA2A1E7}.Debug|x64.Build.0 = Debug|x64
		{BC2DF4A5-553D-4485-8492-AD69DBA2A1E7}.Debug|x86.ActiveCfg = Debug|Win32
		{BC2DF4A5-553D-4485-8492-AD69DBA2A1E7}.Debug|x86.Build.0 = Debug|Win32
		{BC2DF4A5-553D-4485-8492-AD69DBA2A1E7}.Release|x64.ActiveCfg = Release|x64
		{BC2DF4A5-553D-4485-8492-AD69DBA2A1E7}.Release|x64.Build.0 = Release|x64
		{BC2DF4A5-553D-4485-8492-AD69DBA2A1E7}.Release|x86.ActiveCfg = Release|Win32
		{BC2DF4A5-553D-4485-8492-AD69DBA2A1E7}.Release|x86.Build.0 = Release|Win32
		{4484F182-E856-46AE-BBD1-67A79A2173E0}.Debug|x64.ActiveCfg = Debug|x64
		{4484F182-E856-46AE-BBD1-67A79A2173E0}.Debug|x64.Build.0 = Debug|x64
		{4484F182-E856-46AE-BBD1-67A79A2173E0}.Debug|x86.ActiveCfg = Debug|Win32
		{4484F182-E856-46AE-BBD1-67A79A2173E0}.Debug|x86.Build.0 = Debug|Win32
		{4484F182-E856-46AE-BBD1-67A79A2173E0}.Release|x64.ActiveCfg = Release|x64
		{4484F182-E856-46AE-BBD1-67A79A2173E0}.Release|x64.Build.0 = Release|x64
		{4484F182-E856-46AE-BBD1-67A79A2173E0}.Release|x86.ActiveCfg = Release|Win32
		{4484F182-E856-46AE-BBD1-67A79A2173E0}.Release|x86.Build.0 = Release|Win32
		{C568E06E-84C9-4756-9143-B158E296FF6D}.Debug|x64.ActiveCfg = Debug|x64
		{C568E06E-84C9-4756-9143-B158E296FF6D}.Debug|x64.Build.0 = Debug|x64
		{C568E06E-84C9-4756-9143-B158E296FF6D}.Debug|x86.ActiveCfg = Debug|Win32
		{C568E06E-84C9-4756-9143-B158E296FF6D}.Debug|x86.Build.0 = Debug|Win32
		{C568E06E-84C9-4756-9143-B158E296FF6D}.Release|x64.ActiveCfg = Release|x64
		{C568E06E-84C9-4756-9143-B158E296FF6D}.Release|x64.Build.0 = Release|x64
		{C568E06E-84C9-4756-9143-B158E296FF6D}.Release|x86.ActiveCfg = Release|Win32
		{C568E06E-84C9-4756-9143-B158E296FF6D}.Release|x86.Build.0 = Release|Win32
		{721D7351-A5DA-4045-80CE-BF61C312C4A3}.Debug|x64.ActiveCfg = Debug|x64
		{721D7351-A5DA-4045-80CE-BF61C312C4A3}.Debug|x64.Build.0 = Debug|x64
		{721D7351-A5DA-4045-80CE-BF61C312C4A3}.Debug|x86.ActiveCfg = Debug|Win32
		{721D7351-A5DA-4045-80CE-BF61C312C4A3}.Debug|x86.Build.0 = Debug|Win32
		{721D7351-A5DA-4045-80CE-BF61C312C4A3}.Release|x64.ActiveCfg = Release|x64
		{721D7351-A5DA-4045-80CE-BF61C312C4A3}.Release|x64.Build.0 = Release|x64
		{721D7351-A5DA-4045-80CE-BF61C312C4A3}.Release|x86.ActiveCfg = Release|Win32
		{721D7351-A5DA-4045-80CE-BF61C312C4A3}.Release|x86.Build.0 = Release|Win32
		{649B566F-EB95-4996-8E2D-003686DD4396}.Debug|x64.ActiveCfg = Debug|x64
		{649B566F-EB95-4996-8E2D-003686DD4396}.Debug|x64.Build.0 = Debug|x64
		{649B566F-EB95-4996-8E2D-003686DD4396}.Debug|x86.ActiveCfg = Debug|Win32
		{649B566F-EB95-4996-8E2D-003686DD4396}.Debug|x86.Build.0 = Debug|Win32
		{649B566F-EB95-4996-8E2D-003686DD4396}.Release|x64.ActiveCfg = Release|x64
		{649B566F-EB95-4996-8E2D-003686DD4396}.Release|x64.Build.0 = Release|x64
		{649B566F-EB95-4996-8E2D-003686DD4396}.Release|x86.ActiveCfg = Release|Win32
		{649B566F-EB95-4996-8E2D-003686DD4396}.Release|x86.Build.0 = Release|Win32
		{F50EBA61-9AA8-427E-A3A7-5DCA58BA5EC4}.Debug|x64.ActiveCfg = Debug|x64
		{F50EBA61-9AA8-427E-A3A7-5DCA58BA5EC4}.Debug|x64.Build.0 = Debug|x64
		{F50EBA61-9AA8-427E-A3A7-5DCA58BA5EC4}.Debug|x86.ActiveCfg = Debug|Win32
		{F50EBA61-9AA8-427E-A3A7-5DCA58BA5EC4}.Debug|x86.Build.0 = Debug|Win32
		{F50EBA61-9AA8-427E-A3A7-5DCA58BA5EC4}.Release|x64.ActiveCfg = Release|x64
		{F50EBA61-9AA8-427E-A3A7-5DCA58BA5EC4}.Release|x64.Build.0 = Release|x64
		{F50EBA61-9AA8-427E-A3A7-5DCA58BA5EC4}.Release|x86.ActiveCfg = Release|Win32
		{F50EBA61-9AA8-427E-A3A7-5DCA58BA5EC4}.Release|x86.Build.0 = Release|Win32
		{94B6BF2F-D43E-4F3C-A831-3174D7457F9F}.Debug|x64.ActiveCfg = Debug|x64
		{94B6BF2F-D43E-4F3C-A831-3174D7457F9F}.Debug|x64.Build.0 = Debug|x64
		{94B6BF2F-D43E-4F3C-A831-3174D7457F9F}.Debug|x86.ActiveCfg = Debug|Win32
		{94B6BF2F-D43E-4F3C-A831-3174D7457F9F}.Debug|x86.Build.0 = Debug|Win32
		{94B6BF2F-D43E-4F3C-A831-3174D7457F9F}.Release|x64.ActiveCfg = Release|x64
		{94B6BF2F-D43E-4F3C-A831-3174D7457F9F}.Release|x64.Build.0 = Release|x64
		{94B6BF2F-D43E-4F3C-A831-3174D7457F9F}.Release|x86.ActiveCfg = Release|Win32
		{94B6BF2F-D43E-4F3C-A831-3174D7457F9F}.Release|x86.Build.0 = Release|Win32
		{8ADC86AC-D97C-4E0F-8D77-D292E377E2FE}.Debug|x64.ActiveCfg = Debug|x64
		{8ADC86AC-D97C-4E0F-8D77-D292E377E2FE}.Debug|x64.Build.0 = Debug|x64
		{8ADC86AC-D97C-4E0F-8D77-D292E377E2FE}.Debug|x86.ActiveCfg = Debug|Win32
		{8ADC86AC-D97C-4E0F-8D77-D292E377E2FE}.Debug|x86.Build.0 = Debug|Win32
		{8ADC86AC-D97C-4E0F-8D77-D292E377E2FE}.Release|x64.ActiveCfg = Release|x64
		{8ADC86AC-D97C-4E0F-8D77-D292E377E2FE}.Release|x64.Build.0 = Release|x64
		{8ADC86AC-D97C-4E0F-8D77-D292E377E2FE}.Release|x86.ActiveCfg = Release|Win32
		{8ADC86AC-D97C-4E0F-8D77-D292E377E2FE}.Release|x86.Build.0 = Release|Win32
		{FACF7F60-D9D7-4B41-8F8A-296854C3C7DB}.Debug|x64.ActiveCfg = Debug|x64
		{FACF7F60-D9D7-4B41-8F8A-296854C3C7DB}.Debug|x64.Build.0 = Debug|x64
		{FACF7F60-D9D7-4B41-8F8A-296854C3C7DB}.Debug|x86.ActiveCfg = Debug|Win32
		{FACF7F60-D9D7-4B41-8F8A-296854C3C7DB}.Debug|x86.Build.0 = Debug|Win32
		{FACF7F60-D9D7-4B41-8F8A-296854C3C7DB}.Release|x64.ActiveCfg = Release|x64
		{FACF7F60-D9D7-4B41-8F8A-296854C3C7DB}.Release|x64.Build.0 = Release|x64
		{FACF7F60-D9D7-4B41-8F8A-296854C3C7DB}.Release|x86.ActiveCfg = Release|Win32
		{FACF7F60-D9D7-4B41-8F8A-296854C3C7DB}.Release|x86.Build.0 = Release|Win32
		{66400B68-708D-4378-B272-CEA18C182A4B}.Debug|x64.ActiveCfg = Debug|x64
		{66400B68-708D-4378-B272-CEA18C182A4B}.Debug|x64.Build.0 = Debug|x64
		{66400B68-708D-4378-B272-CEA18C182A4B}.Debug|x86.ActiveCfg = Debug|Win32
		{66400B68-708D-4378-B272-CEA18C182A4B}.Debug|x86.Build.0 = Debug|Win32
		{66400B68-708D-4378-B272-CEA18C182A4B}.Release|x64.ActiveCfg = Release|x64
		{66400B68-708D-4378-B272-CEA18C182A4B}.Release|x64.Build.0 = Release|x64
		{66400B68-708D-4378-B272-CEA18C182A4B}.Release|x86.ActiveCfg = Release|Win32
		{66400B68-708D-4378-B272-CEA18C182A4B}.Release|x86.Build.0 = Release|Win32
		{4E26197A-31D5-4317-B7A1-307E9E747D81}.Debug|x64.ActiveCfg = Debug|x64
		{4E26197A-31D5-4317-B7A1-307E9E747D81}.Debug|x64.Build.0 = Debug|x64
		{4E26197A-31D5-4317-B7A1-307E9E747D81}.Debug|x86.ActiveCfg = Debug|Win32
		{4E26197A-31D5-4317-B7A1-307E9E747D81}.Debug|x86.Build.0 = Debug|Win32
		{4E26197A-31D5-4317-B7A1-307E9E747D81}.Release|x64.ActiveCfg = Release|x64
		{4E26197A-31D5-4317-B7A1-307E9E747D81}.Release|x64.Build.0 = Release|x64
		{4E26197A-31D5-4317-B7A1-307E9E747D81}.Release|x86.ActiveCfg = Release|Win32
		{4E26197A-31D5-4317-B7A1-307E9E747D81}.Release|x86.Build.0 = Release|Win32
		{9CB4DEC6-B28F-465C-BA4B-F844EB1871FB}.Debug|x64.ActiveCfg = Debug|x64
		{9CB4DEC6-B28F-465C-BA4B-F844EB1871FB}.Debug|x64.Build.0 = Debug|x64
		{9CB4DEC6-B28F-465C-BA4B-F844EB1871FB}.Debug|x86.ActiveCfg = Debug|Win32
		{9CB4DEC6-B28F-465C-BA4B-F844EB1871FB}.Debug|x86.Build.0 = Debug|Win32
		{9CB4DEC6-B28F-465C-BA4B-F844EB1871FB}.Release|x64.ActiveCfg = Release|x64
		{9CB4DEC6-B28F-465C-BA4B-F844EB1871FB}.Release|x64.Build.0 = Release|x64
		{9CB4DEC6-B28F-465C-BA4B-F844EB1871FB}.Release|x86.ActiveCfg = Release|Win32
		{9CB4DEC6-B28F-465C-BA4B-F844EB1871FB}.Release|x86.Build.0 = Release|Win32
		{2EA49AD1-D64A-4D88-B234-7ABC67ED23EF}.Debug|x64.ActiveCfg = Debug|x64
		{2EA49AD1-D64A-4D88-B234-7ABC67ED23EF}.Debug|x64.Build.0 = Debug|x64
		{2EA49AD1-D64A-4D88-B234-7ABC67ED23EF}.Debug|x86.ActiveCfg = Debug|Win32
		{2EA49AD1-D64A-4D88-B234-7ABC67ED23EF}.Debug|x86.Build.0 = Debug|Win32
		{2EA49AD1-D64A-4D88-B234-7ABC67ED23EF}.Release|x64.ActiveCfg = Release|x64
		{2EA49AD1-D64A-4D88-B234-7ABC67ED23EF}.Release|x64.Build.0 = Release|x64
		{2EA49AD1-D64A-4D88-B234-7ABC67ED23EF}.Release|x86.ActiveCfg = Release|Win32
		{2EA49AD1-D64A-4D88-B234-7ABC67ED23EF}.Release|x86.Build.0 = Release|Win32
		{6DC515C6-DE43-44A9-B75B-AAB378C895E6}.Debug|x64.ActiveCfg = Debug|x64
		{6DC515C6-DE43-44A9-B75B-AAB378C895E6}.Debug|x64.Build.0 = Debug|x64
		{6DC515C6-DE43-44A9-B75B-AAB378C895E6}.Debug|x86.ActiveCfg = Debug|Win32
		{6DC515C6-DE43-44A9-B75B-AAB378C895E6}.Debug|x86.Build.0 = Debug|Win32
		{6DC515C6-DE43-44A9-B75B-AAB378C895E6}.Release|x64.ActiveCfg = Release|x64
		{6DC515C6-DE43-44A9-B75B-AAB378C895E6}.Release|x64.Build.0 = Release|x64
		{6DC515C6-DE43-44A9-B75B-AAB378C895E6}.Release|x86.ActiveCfg = Release|Win32
		{6DC515C6-DE43-44A9-B75B-AAB378C895E6}.Release|x86.Build.0 = Release|Win32
		{F93CEE34-094C-4B85-B2CB-75B452639CA2}.Debug|x64.ActiveCfg = Debug|x64
		{F93CEE34-094C-4B85-B2CB-75B452639CA2}.Debug|x64.Build.0 = Debug|x64
		{F93CEE34-094C-4B85-B2CB-75B452639CA2}.Debug|x86.ActiveCfg = Debug|Win32
		{F93CEE34-094C-4B85-B2CB-75B452639CA2}.Debug|x86.Build.0 = Debug|Win32
		{F93CEE34-094C-4B85-B2CB-75B452639CA2}.Release|x64.ActiveCfg = Release|x64
		{F93CEE34-094C-4B85-B2CB-75B452639CA2}.Release|x64.Build.0 = Release|x64
		{F93CEE34-094C-4B85-B2CB-75B452639CA2}.Release|x86.ActiveCfg = Release|Win32
		{F93CEE34-094C-4B85-B2CB-75B452639CA2}.Release|x86.Build.0 = Release|Win32
		{45318C96-3281-4729-A74D-0DDF18C99D13}.Debug|x64.ActiveCfg = Debug|x64
		{45318C96-3281-4729-A74D-0DDF18C99D13}.Debug|x64.Build.0 = Debug|x64
		{45318C96-3281-4729-A74D-0DDF18C99D13}.Debug|x86.ActiveCfg = Debug|Win32
		{45318C96-3281-4729-A74D-0DDF18C99D13}.Debug|x86.Build.0 = Debug|Win32
		{45318C96-3281-4729-A74D-0DDF18C99D13}.Release|x64.ActiveCfg = Release|x64
		{45318C96-3281-4729-A74D-0DDF18C99D13}.Release|x64.Build.0 = Release|x64
		{45318C96-3281-4729-A74D-0DDF18C99D13}.Release|x86.ActiveCfg = Release|Win32
		{45318C96-3281-4729-A74D-0DDF18C99D13}.Release|x86.Build.0 = Release|Win32
		{52AD2DCC-CEBE-46B9-B703-40118B224ED5}.Debug|x64.ActiveCfg = Debug|x64
		{52AD2DCC-CEBE-46B9-B703-40118B224ED5}.Debug|x64.Build.0 = Debug|x64
		{52AD2DCC-CEBE-46B9-B703-40118B224ED5}.Debug|x86.ActiveCfg = Debug|Win32
		{52AD2DCC-CEBE-46B9-B703-40118B224ED5}.Debug|x86.Build.0 = Debug|Win32
		{52AD2DCC-CEBE-46B9-B703-40118B224ED5}.Release|x64.ActiveCfg = Release|x64
		{52AD2DCC-CEBE-46B9-B703-40118B224ED5}.Release|x64.Build.0 = Release|x64
		{52AD2DCC-CEBE-46B9-B703-40118B224ED5}.Release|x86.ActiveCfg = Release|Win32
		{52AD2DCC-CEBE-46B9-B703-40118B224ED5}.Release|x86.Build.0 = Release|Win32
	EndGlobalSection
	GlobalSection(SolutionProperties) = preSolution
		HideSolutionNode = FALSE
	EndGlobalSection
	GlobalSection(ExtensibilityGlobals) = postSolution
		SolutionGuid = {7CABC780-85BC-4542-9E64-CC090A307CEC}
	EndGlobalSection
EndGlobal
