
Microsoft Visual Studio Solution File, Format Version 12.00
# Visual Studio Version 17
VisualStudioVersion = 17.7.34031.279
MinimumVisualStudioVersion = 10.0.40219.1
Project("{8BC9CEB8-8B4A-11D0-8D11-00A0C91BC942}") = "Course-7-Algorithms", "Course-7-Algorithms\Course-7-Algorithms.vcxproj", "{715F19B7-003A-4567-B196-16C4185E991A}"
EndProject
Project("{8BC9CEB8-8B4A-11D0-8D11-00A0C91BC942}") = "1", "1\1.vcxproj", "{2AB700C9-BF26-46BF-A23A-57CC2EEC0A04}"
EndProject
Project("{8BC9CEB8-8B4A-11D0-8D11-00A0C91BC942}") = "2", "2\2.vcxproj", "{F2E3FD3F-1AF6-4B3E-AA00-4F18B3CF60D8}"
EndProject
Project("{8BC9CEB8-8B4A-11D0-8D11-00A0C91BC942}") = "3", "3\3.vcxproj", "{2231E8F0-809F-4CD2-A035-62838786C9D5}"
EndProject
Project("{8BC9CEB8-8B4A-11D0-8D11-00A0C91BC942}") = "4", "4\4.vcxproj", "{069F1932-F99C-41CB-A052-DE290983C77A}"
EndProject
Project("{8BC9CEB8-8B4A-11D0-8D11-00A0C91BC942}") = "5", "5\5.vcxproj", "{7127E4F6-A95C-49F0-A956-9801D951E3DE}"
EndProject
Project("{8BC9CEB8-8B4A-11D0-8D11-00A0C91BC942}") = "6", "6\6.vcxproj", "{0B7176F3-A035-44D8-AB25-C304858E3DBD}"
EndProject
Project("{8BC9CEB8-8B4A-11D0-8D11-00A0C91BC942}") = "7", "7\7.vcxproj", "{17E85403-0FF7-4DD9-83FF-107E7FEE5D79}"
EndProject
Project("{8BC9CEB8-8B4A-11D0-8D11-00A0C91BC942}") = "8", "8\8.vcxproj", "{2673D9ED-AA4F-4E81-926E-B47E19423A64}"
EndProject
Project("{8BC9CEB8-8B4A-11D0-8D11-00A0C91BC942}") = "9", "9\9.vcxproj", "{288D628A-DF17-4DAA-BCFE-5C2A462A2FAD}"
EndProject
Project("{8BC9CEB8-8B4A-11D0-8D11-00A0C91BC942}") = "10", "10\10.vcxproj", "{37AE993E-2EF3-495F-A687-40BE21423760}"
EndProject
Global
	GlobalSection(SolutionConfigurationPlatforms) = preSolution
		Debug|x64 = Debug|x64
		Debug|x86 = Debug|x86
		Release|x64 = Release|x64
		Release|x86 = Release|x86
	EndGlobalSection
	GlobalSection(ProjectConfigurationPlatforms) = postSolution
		{715F19B7-003A-4567-B196-16C4185E991A}.Debug|x64.ActiveCfg = Debug|x64
		{715F19B7-003A-4567-B196-16C4185E991A}.Debug|x64.Build.0 = Debug|x64
		{715F19B7-003A-4567-B196-16C4185E991A}.Debug|x86.ActiveCfg = Debug|Win32
		{715F19B7-003A-4567-B196-16C4185E991A}.Debug|x86.Build.0 = Debug|Win32
		{715F19B7-003A-4567-B196-16C4185E991A}.Release|x64.ActiveCfg = Release|x64
		{715F19B7-003A-4567-B196-16C4185E991A}.Release|x64.Build.0 = Release|x64
		{715F19B7-003A-4567-B196-16C4185E991A}.Release|x86.ActiveCfg = Release|Win32
		{715F19B7-003A-4567-B196-16C4185E991A}.Release|x86.Build.0 = Release|Win32
		{2AB700C9-BF26-46BF-A23A-57CC2EEC0A04}.Debug|x64.ActiveCfg = Debug|x64
		{2AB700C9-BF26-46BF-A23A-57CC2EEC0A04}.Debug|x64.Build.0 = Debug|x64
		{2AB700C9-BF26-46BF-A23A-57CC2EEC0A04}.Debug|x86.ActiveCfg = Debug|Win32
		{2AB700C9-BF26-46BF-A23A-57CC2EEC0A04}.Debug|x86.Build.0 = Debug|Win32
		{2AB700C9-BF26-46BF-A23A-57CC2EEC0A04}.Release|x64.ActiveCfg = Release|x64
		{2AB700C9-BF26-46BF-A23A-57CC2EEC0A04}.Release|x64.Build.0 = Release|x64
		{2AB700C9-BF26-46BF-A23A-57CC2EEC0A04}.Release|x86.ActiveCfg = Release|Win32
		{2AB700C9-BF26-46BF-A23A-57CC2EEC0A04}.Release|x86.Build.0 = Release|Win32
		{F2E3FD3F-1AF6-4B3E-AA00-4F18B3CF60D8}.Debug|x64.ActiveCfg = Debug|x64
		{F2E3FD3F-1AF6-4B3E-AA00-4F18B3CF60D8}.Debug|x64.Build.0 = Debug|x64
		{F2E3FD3F-1AF6-4B3E-AA00-4F18B3CF60D8}.Debug|x86.ActiveCfg = Debug|Win32
		{F2E3FD3F-1AF6-4B3E-AA00-4F18B3CF60D8}.Debug|x86.Build.0 = Debug|Win32
		{F2E3FD3F-1AF6-4B3E-AA00-4F18B3CF60D8}.Release|x64.ActiveCfg = Release|x64
		{F2E3FD3F-1AF6-4B3E-AA00-4F18B3CF60D8}.Release|x64.Build.0 = Release|x64
		{F2E3FD3F-1AF6-4B3E-AA00-4F18B3CF60D8}.Release|x86.ActiveCfg = Release|Win32
		{F2E3FD3F-1AF6-4B3E-AA00-4F18B3CF60D8}.Release|x86.Build.0 = Release|Win32
		{2231E8F0-809F-4CD2-A035-62838786C9D5}.Debug|x64.ActiveCfg = Debug|x64
		{2231E8F0-809F-4CD2-A035-62838786C9D5}.Debug|x64.Build.0 = Debug|x64
		{2231E8F0-809F-4CD2-A035-62838786C9D5}.Debug|x86.ActiveCfg = Debug|Win32
		{2231E8F0-809F-4CD2-A035-62838786C9D5}.Debug|x86.Build.0 = Debug|Win32
		{2231E8F0-809F-4CD2-A035-62838786C9D5}.Release|x64.ActiveCfg = Release|x64
		{2231E8F0-809F-4CD2-A035-62838786C9D5}.Release|x64.Build.0 = Release|x64
		{2231E8F0-809F-4CD2-A035-62838786C9D5}.Release|x86.ActiveCfg = Release|Win32
		{2231E8F0-809F-4CD2-A035-62838786C9D5}.Release|x86.Build.0 = Release|Win32
		{069F1932-F99C-41CB-A052-DE290983C77A}.Debug|x64.ActiveCfg = Debug|x64
		{069F1932-F99C-41CB-A052-DE290983C77A}.Debug|x64.Build.0 = Debug|x64
		{069F1932-F99C-41CB-A052-DE290983C77A}.Debug|x86.ActiveCfg = Debug|Win32
		{069F1932-F99C-41CB-A052-DE290983C77A}.Debug|x86.Build.0 = Debug|Win32
		{069F1932-F99C-41CB-A052-DE290983C77A}.Release|x64.ActiveCfg = Release|x64
		{069F1932-F99C-41CB-A052-DE290983C77A}.Release|x64.Build.0 = Release|x64
		{069F1932-F99C-41CB-A052-DE290983C77A}.Release|x86.ActiveCfg = Release|Win32
		{069F1932-F99C-41CB-A052-DE290983C77A}.Release|x86.Build.0 = Release|Win32
		{7127E4F6-A95C-49F0-A956-9801D951E3DE}.Debug|x64.ActiveCfg = Debug|x64
		{7127E4F6-A95C-49F0-A956-9801D951E3DE}.Debug|x64.Build.0 = Debug|x64
		{7127E4F6-A95C-49F0-A956-9801D951E3DE}.Debug|x86.ActiveCfg = Debug|Win32
		{7127E4F6-A95C-49F0-A956-9801D951E3DE}.Debug|x86.Build.0 = Debug|Win32
		{7127E4F6-A95C-49F0-A956-9801D951E3DE}.Release|x64.ActiveCfg = Release|x64
		{7127E4F6-A95C-49F0-A956-9801D951E3DE}.Release|x64.Build.0 = Release|x64
		{7127E4F6-A95C-49F0-A956-9801D951E3DE}.Release|x86.ActiveCfg = Release|Win32
		{7127E4F6-A95C-49F0-A956-9801D951E3DE}.Release|x86.Build.0 = Release|Win32
		{0B7176F3-A035-44D8-AB25-C304858E3DBD}.Debug|x64.ActiveCfg = Debug|x64
		{0B7176F3-A035-44D8-AB25-C304858E3DBD}.Debug|x64.Build.0 = Debug|x64
		{0B7176F3-A035-44D8-AB25-C304858E3DBD}.Debug|x86.ActiveCfg = Debug|Win32
		{0B7176F3-A035-44D8-AB25-C304858E3DBD}.Debug|x86.Build.0 = Debug|Win32
		{0B7176F3-A035-44D8-AB25-C304858E3DBD}.Release|x64.ActiveCfg = Release|x64
		{0B7176F3-A035-44D8-AB25-C304858E3DBD}.Release|x64.Build.0 = Release|x64
		{0B7176F3-A035-44D8-AB25-C304858E3DBD}.Release|x86.ActiveCfg = Release|Win32
		{0B7176F3-A035-44D8-AB25-C304858E3DBD}.Release|x86.Build.0 = Release|Win32
		{17E85403-0FF7-4DD9-83FF-107E7FEE5D79}.Debug|x64.ActiveCfg = Debug|x64
		{17E85403-0FF7-4DD9-83FF-107E7FEE5D79}.Debug|x64.Build.0 = Debug|x64
		{17E85403-0FF7-4DD9-83FF-107E7FEE5D79}.Debug|x86.ActiveCfg = Debug|Win32
		{17E85403-0FF7-4DD9-83FF-107E7FEE5D79}.Debug|x86.Build.0 = Debug|Win32
		{17E85403-0FF7-4DD9-83FF-107E7FEE5D79}.Release|x64.ActiveCfg = Release|x64
		{17E85403-0FF7-4DD9-83FF-107E7FEE5D79}.Release|x64.Build.0 = Release|x64
		{17E85403-0FF7-4DD9-83FF-107E7FEE5D79}.Release|x86.ActiveCfg = Release|Win32
		{17E85403-0FF7-4DD9-83FF-107E7FEE5D79}.Release|x86.Build.0 = Release|Win32
		{2673D9ED-AA4F-4E81-926E-B47E19423A64}.Debug|x64.ActiveCfg = Debug|x64
		{2673D9ED-AA4F-4E81-926E-B47E19423A64}.Debug|x64.Build.0 = Debug|x64
		{2673D9ED-AA4F-4E81-926E-B47E19423A64}.Debug|x86.ActiveCfg = Debug|Win32
		{2673D9ED-AA4F-4E81-926E-B47E19423A64}.Debug|x86.Build.0 = Debug|Win32
		{2673D9ED-AA4F-4E81-926E-B47E19423A64}.Release|x64.ActiveCfg = Release|x64
		{2673D9ED-AA4F-4E81-926E-B47E19423A64}.Release|x64.Build.0 = Release|x64
		{2673D9ED-AA4F-4E81-926E-B47E19423A64}.Release|x86.ActiveCfg = Release|Win32
		{2673D9ED-AA4F-4E81-926E-B47E19423A64}.Release|x86.Build.0 = Release|Win32
		{288D628A-DF17-4DAA-BCFE-5C2A462A2FAD}.Debug|x64.ActiveCfg = Debug|x64
		{288D628A-DF17-4DAA-BCFE-5C2A462A2FAD}.Debug|x64.Build.0 = Debug|x64
		{288D628A-DF17-4DAA-BCFE-5C2A462A2FAD}.Debug|x86.ActiveCfg = Debug|Win32
		{288D628A-DF17-4DAA-BCFE-5C2A462A2FAD}.Debug|x86.Build.0 = Debug|Win32
		{288D628A-DF17-4DAA-BCFE-5C2A462A2FAD}.Release|x64.ActiveCfg = Release|x64
		{288D628A-DF17-4DAA-BCFE-5C2A462A2FAD}.Release|x64.Build.0 = Release|x64
		{288D628A-DF17-4DAA-BCFE-5C2A462A2FAD}.Release|x86.ActiveCfg = Release|Win32
		{288D628A-DF17-4DAA-BCFE-5C2A462A2FAD}.Release|x86.Build.0 = Release|Win32
		{37AE993E-2EF3-495F-A687-40BE21423760}.Debug|x64.ActiveCfg = Debug|x64
		{37AE993E-2EF3-495F-A687-40BE21423760}.Debug|x64.Build.0 = Debug|x64
		{37AE993E-2EF3-495F-A687-40BE21423760}.Debug|x86.ActiveCfg = Debug|Win32
		{37AE993E-2EF3-495F-A687-40BE21423760}.Debug|x86.Build.0 = Debug|Win32
		{37AE993E-2EF3-495F-A687-40BE21423760}.Release|x64.ActiveCfg = Release|x64
		{37AE993E-2EF3-495F-A687-40BE21423760}.Release|x64.Build.0 = Release|x64
		{37AE993E-2EF3-495F-A687-40BE21423760}.Release|x86.ActiveCfg = Release|Win32
		{37AE993E-2EF3-495F-A687-40BE21423760}.Release|x86.Build.0 = Release|Win32
	EndGlobalSection
	GlobalSection(SolutionProperties) = preSolution
		HideSolutionNode = FALSE
	EndGlobalSection
	GlobalSection(ExtensibilityGlobals) = postSolution
		SolutionGuid = {7CABC780-85BC-4542-9E64-CC090A307CEC}
	EndGlobalSection
EndGlobal
